table:
  name: block
  schema: editor
object_relationships:
- name: blockFile
  using:
    manual_configuration:
      column_mapping:
        fileId: id
      insertion_order: null
      remote_table:
        name: file
        schema: editor
select_permissions:
- permission:
    columns:
    - id
    - name
    - path
    - assets
    - fileId
    - category
    - created_at
    - updated_at
    filter: {}
  role: consumer
- permission:
    columns:
    - id
    - name
    - path
    - assets
    - fileId
    - category
    - created_at
    - updated_at
    filter: {}
  role: guest-consumer
